
Microsoft Visual Studio Solution File, Format Version 12.00
# Visual Studio 15
Project("{FAE04EC0-301F-11D3-BF4B-00C04F79EFBC}") = "Assembly-CSharp-firstpass", "Assembly-CSharp-firstpass.csproj", "{EB339C6D-8F01-4DC0-559B-3666C1405280}"
EndProject
Project("{FAE04EC0-301F-11D3-BF4B-00C04F79EFBC}") = "Assembly-CSharp", "Assembly-CSharp.csproj", "{892D60F2-D992-3FE0-636B-490F8497E9D6}"
EndProject
Global
	GlobalSection(SolutionConfigurationPlatforms) = preSolution
		Debug|Any CPU = Debug|Any CPU
		Release|Any CPU = Release|Any CPU
	EndGlobalSection
	GlobalSection(ProjectConfigurationPlatforms) = postSolution
		{EB339C6D-8F01-4DC0-559B-3666C1405280}.Debug|Any CPU.ActiveCfg = Debug|Any CPU
		{EB339C6D-8F01-4DC0-559B-3666C1405280}.Debug|Any CPU.Build.0 = Debug|Any CPU
		{EB339C6D-8F01-4DC0-559B-3666C1405280}.Release|Any CPU.ActiveCfg = Release|Any CPU
		{EB339C6D-8F01-4DC0-559B-3666C1405280}.Release|Any CPU.Build.0 = Release|Any CPU
		{892D60F2-D992-3FE0-636B-490F8497E9D6}.Debug|Any CPU.ActiveCfg = Debug|Any CPU
		{892D60F2-D992-3FE0-636B-490F8497E9D6}.Debug|Any CPU.Build.0 = Debug|Any CPU
		{892D60F2-D992-3FE0-636B-490F8497E9D6}.Release|Any CPU.ActiveCfg = Release|Any CPU
		{892D60F2-D992-3FE0-636B-490F8497E9D6}.Release|Any CPU.Build.0 = Release|Any CPU
	EndGlobalSection
	GlobalSection(SolutionProperties) = preSolution
		HideSolutionNode = FALSE
	EndGlobalSection
EndGlobal
